
Microsoft Visual Studio Solution File, Format Version 12.00
# Visual Studio Version 17
VisualStudioVersion = 17.3.32825.248
MinimumVisualStudioVersion = 10.0.40219.1
Project("{FAE04EC0-301F-11D3-BF4B-00C04F79EFBC}") = "NewsSite", "NewsSite\NewsSite.csproj", "{29DCFA02-0352-463E-A661-B08761D4C11B}"
EndProject
Global
	GlobalSection(SolutionConfigurationPlatforms) = preSolution
		Debug|Any CPU = Debug|Any CPU
		Release|Any CPU = Release|Any CPU
	EndGlobalSection
	GlobalSection(ProjectConfigurationPlatforms) = postSolution
		{29DCFA02-0352-463E-A661-B08761D4C11B}.Debug|Any CPU.ActiveCfg = Debug|Any CPU
		{29DCFA02-0352-463E-A661-B08761D4C11B}.Debug|Any CPU.Build.0 = Debug|Any CPU
		{29DCFA02-0352-463E-A661-B08761D4C11B}.Release|Any CPU.ActiveCfg = Release|Any CPU
		{29DCFA02-0352-463E-A661-B08761D4C11B}.Release|Any CPU.Build.0 = Release|Any CPU
	EndGlobalSection
	GlobalSection(SolutionProperties) = preSolution
		HideSolutionNode = FALSE
	EndGlobalSection
	GlobalSection(ExtensibilityGlobals) = postSolution
		SolutionGuid = {506A5A0D-55C7-4827-8993-6711FA892EBB}
	EndGlobalSection
EndGlobal
